
Microsoft Visual Studio Solution File, Format Version 12.00
# Visual Studio Version 16
VisualStudioVersion = 16.0.29418.71
MinimumVisualStudioVersion = 10.0.40219.1
Project("{FAE04EC0-301F-11D3-BF4B-00C04F79EFBC}") = "FileUtils", "FileUtils.csproj", "{71DD13E5-98D1-4412-AEA0-674EC737606C}"
EndProject
Global
	GlobalSection(SolutionConfigurationPlatforms) = preSolution
		Debug|Any CPU = Debug|Any CPU
		Release|Any CPU = Release|Any CPU
	EndGlobalSection
	GlobalSection(ProjectConfigurationPlatforms) = postSolution
		{71DD13E5-98D1-4412-AEA0-674EC737606C}.Debug|Any CPU.ActiveCfg = Debug|Any CPU
		{71DD13E5-98D1-4412-AEA0-674EC737606C}.Debug|Any CPU.Build.0 = Debug|Any CPU
		{71DD13E5-98D1-4412-AEA0-674EC737606C}.Debug|Any CPU.Deploy.0 = Debug|Any CPU
		{71DD13E5-98D1-4412-AEA0-674EC737606C}.Release|Any CPU.ActiveCfg = Release|Any CPU
		{71DD13E5-98D1-4412-AEA0-674EC737606C}.Release|Any CPU.Build.0 = Release|Any CPU
		{71DD13E5-98D1-4412-AEA0-674EC737606C}.Release|Any CPU.Deploy.0 = Release|Any CPU
	EndGlobalSection
	GlobalSection(SolutionProperties) = preSolution
		HideSolutionNode = FALSE
	EndGlobalSection
	GlobalSection(ExtensibilityGlobals) = postSolution
		SolutionGuid = {A181739E-F8C4-4F81-8BB3-357E2C11529F}
	EndGlobalSection
	GlobalSection(SubversionScc) = preSolution
		Svn-Managed = True
		Manager = AnkhSVN2019 - Subversion Support for Visual Studio
	EndGlobalSection
EndGlobal
